
Microsoft Visual Studio Solution File, Format Version 12.00
# Visual Studio 15
VisualStudioVersion = 15.0.26730.10
MinimumVisualStudioVersion = 10.0.40219.1
Project("{FAE04EC0-301F-11D3-BF4B-00C04F79EFBC}") = "Fiver.Lib.RabbitMQ", "Fiver.Lib.RabbitMQ\Fiver.Lib.RabbitMQ.csproj", "{51581C6D-DF11-45FE-9288-07E7CF1CEF0A}"
EndProject
Project("{FAE04EC0-301F-11D3-BF4B-00C04F79EFBC}") = "Fiver.Lib.RabbitMQ.Client", "Fiver.Lib.RabbitMQ.Client\Fiver.Lib.RabbitMQ.Client.csproj", "{7C2AF6D2-EB4B-48DC-8117-EF97282B297D}"
EndProject
Global
	GlobalSection(SolutionConfigurationPlatforms) = preSolution
		Debug|Any CPU = Debug|Any CPU
		Release|Any CPU = Release|Any CPU
	EndGlobalSection
	GlobalSection(ProjectConfigurationPlatforms) = postSolution
		{51581C6D-DF11-45FE-9288-07E7CF1CEF0A}.Debug|Any CPU.ActiveCfg = Debug|Any CPU
		{51581C6D-DF11-45FE-9288-07E7CF1CEF0A}.Debug|Any CPU.Build.0 = Debug|Any CPU
		{51581C6D-DF11-45FE-9288-07E7CF1CEF0A}.Release|Any CPU.ActiveCfg = Release|Any CPU
		{51581C6D-DF11-45FE-9288-07E7CF1CEF0A}.Release|Any CPU.Build.0 = Release|Any CPU
		{7C2AF6D2-EB4B-48DC-8117-EF97282B297D}.Debug|Any CPU.ActiveCfg = Debug|Any CPU
		{7C2AF6D2-EB4B-48DC-8117-EF97282B297D}.Debug|Any CPU.Build.0 = Debug|Any CPU
		{7C2AF6D2-EB4B-48DC-8117-EF97282B297D}.Release|Any CPU.ActiveCfg = Release|Any CPU
		{7C2AF6D2-EB4B-48DC-8117-EF97282B297D}.Release|Any CPU.Build.0 = Release|Any CPU
	EndGlobalSection
	GlobalSection(SolutionProperties) = preSolution
		HideSolutionNode = FALSE
	EndGlobalSection
	GlobalSection(ExtensibilityGlobals) = postSolution
		SolutionGuid = {AFB341BE-263C-4A0D-90B4-6B89B5ADC114}
	EndGlobalSection
EndGlobal
